
Microsoft Visual Studio Solution File, Format Version 12.00
# Visual Studio Version 16
VisualStudioVersion = 16.0.29418.71
MinimumVisualStudioVersion = 10.0.40219.1
Project("{FAE04EC0-301F-11D3-BF4B-00C04F79EFBC}") = "FinanceManagerDesktop", "FinanceManagerDesktop.csproj", "{90C3E75F-DDA2-4FED-8CBC-6EE4C196E37F}"
EndProject
Global
	GlobalSection(SolutionConfigurationPlatforms) = preSolution
		Debug|Any CPU = Debug|Any CPU
		Release|Any CPU = Release|Any CPU
	EndGlobalSection
	GlobalSection(ProjectConfigurationPlatforms) = postSolution
		{90C3E75F-DDA2-4FED-8CBC-6EE4C196E37F}.Debug|Any CPU.ActiveCfg = Debug|Any CPU
		{90C3E75F-DDA2-4FED-8CBC-6EE4C196E37F}.Debug|Any CPU.Build.0 = Debug|Any CPU
		{90C3E75F-DDA2-4FED-8CBC-6EE4C196E37F}.Release|Any CPU.ActiveCfg = Release|Any CPU
		{90C3E75F-DDA2-4FED-8CBC-6EE4C196E37F}.Release|Any CPU.Build.0 = Release|Any CPU
	EndGlobalSection
	GlobalSection(SolutionProperties) = preSolution
		HideSolutionNode = FALSE
	EndGlobalSection
	GlobalSection(ExtensibilityGlobals) = postSolution
		SolutionGuid = {9D54F987-6E23-43E8-B748-23FB6AD792BE}
	EndGlobalSection
EndGlobal
